
Microsoft Visual Studio Solution File, Format Version 12.00
# Visual Studio Version 17
VisualStudioVersion = 17.5.33627.172
MinimumVisualStudioVersion = 10.0.40219.1
Project("{FAE04EC0-301F-11D3-BF4B-00C04F79EFBC}") = "Uvodna vježba 02", "Uvodna vježba 02.csproj", "{EB23B31A-196F-409A-8703-241A8D94C965}"
EndProject
Global
	GlobalSection(SolutionConfigurationPlatforms) = preSolution
		Debug|Any CPU = Debug|Any CPU
		Release|Any CPU = Release|Any CPU
	EndGlobalSection
	GlobalSection(ProjectConfigurationPlatforms) = postSolution
		{EB23B31A-196F-409A-8703-241A8D94C965}.Debug|Any CPU.ActiveCfg = Debug|Any CPU
		{EB23B31A-196F-409A-8703-241A8D94C965}.Debug|Any CPU.Build.0 = Debug|Any CPU
		{EB23B31A-196F-409A-8703-241A8D94C965}.Release|Any CPU.ActiveCfg = Release|Any CPU
		{EB23B31A-196F-409A-8703-241A8D94C965}.Release|Any CPU.Build.0 = Release|Any CPU
	EndGlobalSection
	GlobalSection(SolutionProperties) = preSolution
		HideSolutionNode = FALSE
	EndGlobalSection
	GlobalSection(ExtensibilityGlobals) = postSolution
		SolutionGuid = {D9B57701-D66A-4B99-B0AC-7F45E2ED0187}
	EndGlobalSection
EndGlobal
